
Microsoft Visual Studio Solution File, Format Version 12.00
Project("{FAE04EC0-301F-11D3-BF4B-00C04F79EFBC}") = "Domain", "Domain\Domain.csproj", "{BF7DC8A4-6DCC-4A49-8D15-DE34A9674912}"
EndProject
Project("{FAE04EC0-301F-11D3-BF4B-00C04F79EFBC}") = "WebAPIs", "WebAPIs\WebAPIs.csproj", "{97427610-24EE-4A41-B82B-5794D9229D86}"
EndProject
Global
	GlobalSection(SolutionConfigurationPlatforms) = preSolution
		Debug|Any CPU = Debug|Any CPU
		Release|Any CPU = Release|Any CPU
	EndGlobalSection
	GlobalSection(ProjectConfigurationPlatforms) = postSolution
		{BF7DC8A4-6DCC-4A49-8D15-DE34A9674912}.Debug|Any CPU.ActiveCfg = Debug|Any CPU
		{BF7DC8A4-6DCC-4A49-8D15-DE34A9674912}.Debug|Any CPU.Build.0 = Debug|Any CPU
		{BF7DC8A4-6DCC-4A49-8D15-DE34A9674912}.Release|Any CPU.ActiveCfg = Release|Any CPU
		{BF7DC8A4-6DCC-4A49-8D15-DE34A9674912}.Release|Any CPU.Build.0 = Release|Any CPU
		{97427610-24EE-4A41-B82B-5794D9229D86}.Debug|Any CPU.ActiveCfg = Debug|Any CPU
		{97427610-24EE-4A41-B82B-5794D9229D86}.Debug|Any CPU.Build.0 = Debug|Any CPU
		{97427610-24EE-4A41-B82B-5794D9229D86}.Release|Any CPU.ActiveCfg = Release|Any CPU
		{97427610-24EE-4A41-B82B-5794D9229D86}.Release|Any CPU.Build.0 = Release|Any CPU
	EndGlobalSection
EndGlobal
